
Microsoft Visual Studio Solution File, Format Version 12.00
Project("{2150E333-8FDC-42A3-9474-1A3956D46DE8}") = "Core", "Core", "{860D4AE2-17BB-49A5-977E-F651878B5FBC}"
EndProject
Project("{FAE04EC0-301F-11D3-BF4B-00C04F79EFBC}") = "Atlas.Domain", "backend\Core\Atlas.Domain\Atlas.Domain.csproj", "{97ACAF91-CEEE-4E53-9677-2A6EA5BC6E88}"
EndProject
Global
	GlobalSection(SolutionConfigurationPlatforms) = preSolution
		Debug|Any CPU = Debug|Any CPU
		Release|Any CPU = Release|Any CPU
	EndGlobalSection
	GlobalSection(ProjectConfigurationPlatforms) = postSolution
		{97ACAF91-CEEE-4E53-9677-2A6EA5BC6E88}.Debug|Any CPU.ActiveCfg = Debug|Any CPU
		{97ACAF91-CEEE-4E53-9677-2A6EA5BC6E88}.Debug|Any CPU.Build.0 = Debug|Any CPU
		{97ACAF91-CEEE-4E53-9677-2A6EA5BC6E88}.Release|Any CPU.ActiveCfg = Release|Any CPU
		{97ACAF91-CEEE-4E53-9677-2A6EA5BC6E88}.Release|Any CPU.Build.0 = Release|Any CPU
	EndGlobalSection
	GlobalSection(NestedProjects) = preSolution
		{97ACAF91-CEEE-4E53-9677-2A6EA5BC6E88} = {860D4AE2-17BB-49A5-977E-F651878B5FBC}
	EndGlobalSection
EndGlobal
